
Microsoft Visual Studio Solution File, Format Version 12.00
# Visual Studio Version 16
VisualStudioVersion = 16.0.30503.244
MinimumVisualStudioVersion = 10.0.40219.1
Project("{8BC9CEB8-8B4A-11D0-8D11-00A0C91BC942}") = "spartos_analize", "spartos_analize\spartos_analize.vcxproj", "{948F2159-8BC2-4D8F-90FA-41D4EAADEA37}"
EndProject
Global
	GlobalSection(SolutionConfigurationPlatforms) = preSolution
		Debug|x64 = Debug|x64
		Debug|x86 = Debug|x86
		Release|x64 = Release|x64
		Release|x86 = Release|x86
	EndGlobalSection
	GlobalSection(ProjectConfigurationPlatforms) = postSolution
		{948F2159-8BC2-4D8F-90FA-41D4EAADEA37}.Debug|x64.ActiveCfg = Debug|x64
		{948F2159-8BC2-4D8F-90FA-41D4EAADEA37}.Debug|x64.Build.0 = Debug|x64
		{948F2159-8BC2-4D8F-90FA-41D4EAADEA37}.Debug|x86.ActiveCfg = Debug|Win32
		{948F2159-8BC2-4D8F-90FA-41D4EAADEA37}.Debug|x86.Build.0 = Debug|Win32
		{948F2159-8BC2-4D8F-90FA-41D4EAADEA37}.Release|x64.ActiveCfg = Release|x64
		{948F2159-8BC2-4D8F-90FA-41D4EAADEA37}.Release|x64.Build.0 = Release|x64
		{948F2159-8BC2-4D8F-90FA-41D4EAADEA37}.Release|x86.ActiveCfg = Release|Win32
		{948F2159-8BC2-4D8F-90FA-41D4EAADEA37}.Release|x86.Build.0 = Release|Win32
	EndGlobalSection
	GlobalSection(SolutionProperties) = preSolution
		HideSolutionNode = FALSE
	EndGlobalSection
	GlobalSection(ExtensibilityGlobals) = postSolution
		SolutionGuid = {BCB920D0-D0DD-4103-967D-272712D29465}
	EndGlobalSection
EndGlobal
